
Microsoft Visual Studio Solution File, Format Version 12.00
# Visual Studio 15
VisualStudioVersion = 15.0.26430.15
MinimumVisualStudioVersion = 10.0.40219.1
Project("{FAE04EC0-301F-11D3-BF4B-00C04F79EFBC}") = "Theme1", "Theme1\Theme1.csproj", "{A5D6BB42-B4B7-466B-B1F5-63E4FF68E8F9}"
EndProject
Project("{FAE04EC0-301F-11D3-BF4B-00C04F79EFBC}") = "Theme2", "Theme2\Theme2.csproj", "{C99EA3FC-5142-4142-B630-7ADD0A698DFB}"
EndProject
Project("{FAE04EC0-301F-11D3-BF4B-00C04F79EFBC}") = "Theme3", "Theme3\Theme3.csproj", "{184B00AD-82F6-43B9-BFAD-1ACE353E9708}"
EndProject
Project("{FAE04EC0-301F-11D3-BF4B-00C04F79EFBC}") = "Theme4", "Theme4\Theme4.csproj", "{34BCEF6E-8D39-4171-A7D8-31D131E76E1B}"
EndProject
Project("{FAE04EC0-301F-11D3-BF4B-00C04F79EFBC}") = "Theme5", "Theme5\Theme5.csproj", "{638EE898-A47C-4344-BEB8-87F5B2409DC2}"
EndProject
Project("{FAE04EC0-301F-11D3-BF4B-00C04F79EFBC}") = "Theme6", "Theme6\Theme6.csproj", "{DD306D14-5B4C-44D7-B0D2-5CD299535CC7}"
EndProject
Project("{FAE04EC0-301F-11D3-BF4B-00C04F79EFBC}") = "Theme7", "Theme7\Theme7.csproj", "{6D6C2C96-BD26-497C-8B41-445683B1B19A}"
EndProject
Project("{FAE04EC0-301F-11D3-BF4B-00C04F79EFBC}") = "Theme8", "Theme8\Theme8.csproj", "{6BFF244E-9533-4992-B561-69D311E59B09}"
EndProject
Global
	GlobalSection(SolutionConfigurationPlatforms) = preSolution
		Debug|Any CPU = Debug|Any CPU
		Release|Any CPU = Release|Any CPU
	EndGlobalSection
	GlobalSection(ProjectConfigurationPlatforms) = postSolution
		{A5D6BB42-B4B7-466B-B1F5-63E4FF68E8F9}.Debug|Any CPU.ActiveCfg = Debug|Any CPU
		{A5D6BB42-B4B7-466B-B1F5-63E4FF68E8F9}.Debug|Any CPU.Build.0 = Debug|Any CPU
		{A5D6BB42-B4B7-466B-B1F5-63E4FF68E8F9}.Release|Any CPU.ActiveCfg = Release|Any CPU
		{A5D6BB42-B4B7-466B-B1F5-63E4FF68E8F9}.Release|Any CPU.Build.0 = Release|Any CPU
		{C99EA3FC-5142-4142-B630-7ADD0A698DFB}.Debug|Any CPU.ActiveCfg = Debug|Any CPU
		{C99EA3FC-5142-4142-B630-7ADD0A698DFB}.Debug|Any CPU.Build.0 = Debug|Any CPU
		{C99EA3FC-5142-4142-B630-7ADD0A698DFB}.Release|Any CPU.ActiveCfg = Release|Any CPU
		{C99EA3FC-5142-4142-B630-7ADD0A698DFB}.Release|Any CPU.Build.0 = Release|Any CPU
		{184B00AD-82F6-43B9-BFAD-1ACE353E9708}.Debug|Any CPU.ActiveCfg = Debug|Any CPU
		{184B00AD-82F6-43B9-BFAD-1ACE353E9708}.Debug|Any CPU.Build.0 = Debug|Any CPU
		{184B00AD-82F6-43B9-BFAD-1ACE353E9708}.Release|Any CPU.ActiveCfg = Release|Any CPU
		{184B00AD-82F6-43B9-BFAD-1ACE353E9708}.Release|Any CPU.Build.0 = Release|Any CPU
		{34BCEF6E-8D39-4171-A7D8-31D131E76E1B}.Debug|Any CPU.ActiveCfg = Debug|Any CPU
		{34BCEF6E-8D39-4171-A7D8-31D131E76E1B}.Debug|Any CPU.Build.0 = Debug|Any CPU
		{34BCEF6E-8D39-4171-A7D8-31D131E76E1B}.Release|Any CPU.ActiveCfg = Release|Any CPU
		{34BCEF6E-8D39-4171-A7D8-31D131E76E1B}.Release|Any CPU.Build.0 = Release|Any CPU
		{638EE898-A47C-4344-BEB8-87F5B2409DC2}.Debug|Any CPU.ActiveCfg = Debug|Any CPU
		{638EE898-A47C-4344-BEB8-87F5B2409DC2}.Debug|Any CPU.Build.0 = Debug|Any CPU
		{638EE898-A47C-4344-BEB8-87F5B2409DC2}.Release|Any CPU.ActiveCfg = Release|Any CPU
		{638EE898-A47C-4344-BEB8-87F5B2409DC2}.Release|Any CPU.Build.0 = Release|Any CPU
		{DD306D14-5B4C-44D7-B0D2-5CD299535CC7}.Debug|Any CPU.ActiveCfg = Debug|Any CPU
		{DD306D14-5B4C-44D7-B0D2-5CD299535CC7}.Debug|Any CPU.Build.0 = Debug|Any CPU
		{DD306D14-5B4C-44D7-B0D2-5CD299535CC7}.Release|Any CPU.ActiveCfg = Release|Any CPU
		{DD306D14-5B4C-44D7-B0D2-5CD299535CC7}.Release|Any CPU.Build.0 = Release|Any CPU
		{6D6C2C96-BD26-497C-8B41-445683B1B19A}.Debug|Any CPU.ActiveCfg = Debug|Any CPU
		{6D6C2C96-BD26-497C-8B41-445683B1B19A}.Debug|Any CPU.Build.0 = Debug|Any CPU
		{6D6C2C96-BD26-497C-8B41-445683B1B19A}.Release|Any CPU.ActiveCfg = Release|Any CPU
		{6D6C2C96-BD26-497C-8B41-445683B1B19A}.Release|Any CPU.Build.0 = Release|Any CPU
		{6BFF244E-9533-4992-B561-69D311E59B09}.Debug|Any CPU.ActiveCfg = Debug|Any CPU
		{6BFF244E-9533-4992-B561-69D311E59B09}.Debug|Any CPU.Build.0 = Debug|Any CPU
		{6BFF244E-9533-4992-B561-69D311E59B09}.Release|Any CPU.ActiveCfg = Release|Any CPU
		{6BFF244E-9533-4992-B561-69D311E59B09}.Release|Any CPU.Build.0 = Release|Any CPU
	EndGlobalSection
	GlobalSection(SolutionProperties) = preSolution
		HideSolutionNode = FALSE
	EndGlobalSection
EndGlobal
