
Microsoft Visual Studio Solution File, Format Version 12.00
# Visual Studio 15
VisualStudioVersion = 15.0.26430.15
MinimumVisualStudioVersion = 10.0.40219.1
Project("{FAE04EC0-301F-11D3-BF4B-00C04F79EFBC}") = "BarChart", "BarChart\BarChart.csproj", "{9746D999-6B2A-4379-B378-26C5E053EC59}"
EndProject
Project("{FAE04EC0-301F-11D3-BF4B-00C04F79EFBC}") = "FileDisplay", "FileDisplay\FileDisplay.csproj", "{64B32948-BAC2-4513-A396-C2D267B6E88D}"
EndProject
Project("{FAE04EC0-301F-11D3-BF4B-00C04F79EFBC}") = "TossingCoin", "TossingCoin\TossingCoin.csproj", "{C2F80D64-34B2-40BD-80E5-542C4EA19270}"
EndProject
Project("{FAE04EC0-301F-11D3-BF4B-00C04F79EFBC}") = "lineedit", "lineedit\lineedit.csproj", "{9E828F9F-3A98-4301-A3A3-6DE7333BBF81}"
EndProject
Project("{FAE04EC0-301F-11D3-BF4B-00C04F79EFBC}") = "PrimeNumbers", "PrimeNumbers\PrimeNumbers.csproj", "{53CDB7CB-8915-4718-B859-80B6150C5332}"
EndProject
Project("{FAE04EC0-301F-11D3-BF4B-00C04F79EFBC}") = "PrimeFactor", "PrimeFactor\PrimeFactor.csproj", "{018DF53C-63EB-48AA-B798-F00D6BC1F85C}"
EndProject
Project("{FAE04EC0-301F-11D3-BF4B-00C04F79EFBC}") = "EuclideanAlgorithm", "EuclideanAlgorithm\EuclideanAlgorithm.csproj", "{C4A45551-DBF2-4859-AF23-9742779A630F}"
EndProject
Project("{FAE04EC0-301F-11D3-BF4B-00C04F79EFBC}") = "LinkList", "LinkList\LinkList.csproj", "{D13D980E-982F-4F7D-A0DE-415246099D7E}"
EndProject
Global
	GlobalSection(SolutionConfigurationPlatforms) = preSolution
		Debug|Any CPU = Debug|Any CPU
		Release|Any CPU = Release|Any CPU
	EndGlobalSection
	GlobalSection(ProjectConfigurationPlatforms) = postSolution
		{9746D999-6B2A-4379-B378-26C5E053EC59}.Debug|Any CPU.ActiveCfg = Debug|Any CPU
		{9746D999-6B2A-4379-B378-26C5E053EC59}.Debug|Any CPU.Build.0 = Debug|Any CPU
		{9746D999-6B2A-4379-B378-26C5E053EC59}.Release|Any CPU.ActiveCfg = Release|Any CPU
		{9746D999-6B2A-4379-B378-26C5E053EC59}.Release|Any CPU.Build.0 = Release|Any CPU
		{64B32948-BAC2-4513-A396-C2D267B6E88D}.Debug|Any CPU.ActiveCfg = Debug|Any CPU
		{64B32948-BAC2-4513-A396-C2D267B6E88D}.Debug|Any CPU.Build.0 = Debug|Any CPU
		{64B32948-BAC2-4513-A396-C2D267B6E88D}.Release|Any CPU.ActiveCfg = Release|Any CPU
		{64B32948-BAC2-4513-A396-C2D267B6E88D}.Release|Any CPU.Build.0 = Release|Any CPU
		{C2F80D64-34B2-40BD-80E5-542C4EA19270}.Debug|Any CPU.ActiveCfg = Debug|Any CPU
		{C2F80D64-34B2-40BD-80E5-542C4EA19270}.Debug|Any CPU.Build.0 = Debug|Any CPU
		{C2F80D64-34B2-40BD-80E5-542C4EA19270}.Release|Any CPU.ActiveCfg = Release|Any CPU
		{C2F80D64-34B2-40BD-80E5-542C4EA19270}.Release|Any CPU.Build.0 = Release|Any CPU
		{9E828F9F-3A98-4301-A3A3-6DE7333BBF81}.Debug|Any CPU.ActiveCfg = Debug|Any CPU
		{9E828F9F-3A98-4301-A3A3-6DE7333BBF81}.Debug|Any CPU.Build.0 = Debug|Any CPU
		{9E828F9F-3A98-4301-A3A3-6DE7333BBF81}.Release|Any CPU.ActiveCfg = Release|Any CPU
		{9E828F9F-3A98-4301-A3A3-6DE7333BBF81}.Release|Any CPU.Build.0 = Release|Any CPU
		{53CDB7CB-8915-4718-B859-80B6150C5332}.Debug|Any CPU.ActiveCfg = Debug|Any CPU
		{53CDB7CB-8915-4718-B859-80B6150C5332}.Debug|Any CPU.Build.0 = Debug|Any CPU
		{53CDB7CB-8915-4718-B859-80B6150C5332}.Release|Any CPU.ActiveCfg = Release|Any CPU
		{53CDB7CB-8915-4718-B859-80B6150C5332}.Release|Any CPU.Build.0 = Release|Any CPU
		{018DF53C-63EB-48AA-B798-F00D6BC1F85C}.Debug|Any CPU.ActiveCfg = Debug|Any CPU
		{018DF53C-63EB-48AA-B798-F00D6BC1F85C}.Debug|Any CPU.Build.0 = Debug|Any CPU
		{018DF53C-63EB-48AA-B798-F00D6BC1F85C}.Release|Any CPU.ActiveCfg = Release|Any CPU
		{018DF53C-63EB-48AA-B798-F00D6BC1F85C}.Release|Any CPU.Build.0 = Release|Any CPU
		{C4A45551-DBF2-4859-AF23-9742779A630F}.Debug|Any CPU.ActiveCfg = Debug|Any CPU
		{C4A45551-DBF2-4859-AF23-9742779A630F}.Debug|Any CPU.Build.0 = Debug|Any CPU
		{C4A45551-DBF2-4859-AF23-9742779A630F}.Release|Any CPU.ActiveCfg = Release|Any CPU
		{C4A45551-DBF2-4859-AF23-9742779A630F}.Release|Any CPU.Build.0 = Release|Any CPU
		{D13D980E-982F-4F7D-A0DE-415246099D7E}.Debug|Any CPU.ActiveCfg = Debug|Any CPU
		{D13D980E-982F-4F7D-A0DE-415246099D7E}.Debug|Any CPU.Build.0 = Debug|Any CPU
		{D13D980E-982F-4F7D-A0DE-415246099D7E}.Release|Any CPU.ActiveCfg = Release|Any CPU
		{D13D980E-982F-4F7D-A0DE-415246099D7E}.Release|Any CPU.Build.0 = Release|Any CPU
	EndGlobalSection
	GlobalSection(SolutionProperties) = preSolution
		HideSolutionNode = FALSE
	EndGlobalSection
EndGlobal
